
Microsoft Visual Studio Solution File, Format Version 12.00
# Visual Studio 14
VisualStudioVersion = 14.0.25420.1
MinimumVisualStudioVersion = 10.0.40219.1
Project("{FAE04EC0-301F-11D3-BF4B-00C04F79EFBC}") = "AccountControlMVC", "AccountControlMVC\AccountControlMVC.csproj", "{BAF53860-C366-4CC0-AB3C-7A7F1E8614CF}"
EndProject
Global
	GlobalSection(SolutionConfigurationPlatforms) = preSolution
		Debug|Any CPU = Debug|Any CPU
		Release|Any CPU = Release|Any CPU
	EndGlobalSection
	GlobalSection(ProjectConfigurationPlatforms) = postSolution
		{BAF53860-C366-4CC0-AB3C-7A7F1E8614CF}.Debug|Any CPU.ActiveCfg = Debug|Any CPU
		{BAF53860-C366-4CC0-AB3C-7A7F1E8614CF}.Debug|Any CPU.Build.0 = Debug|Any CPU
		{BAF53860-C366-4CC0-AB3C-7A7F1E8614CF}.Release|Any CPU.ActiveCfg = Release|Any CPU
		{BAF53860-C366-4CC0-AB3C-7A7F1E8614CF}.Release|Any CPU.Build.0 = Release|Any CPU
	EndGlobalSection
	GlobalSection(SolutionProperties) = preSolution
		HideSolutionNode = FALSE
	EndGlobalSection
EndGlobal
